
Microsoft Visual Studio Solution File, Format Version 12.00
# Visual Studio Version 17
VisualStudioVersion = 17.7.34009.444
MinimumVisualStudioVersion = 10.0.40219.1
Project("{FAE04EC0-301F-11D3-BF4B-00C04F79EFBC}") = "Game_Corrida_Poo", "Game_Corrida_Poo\Game_Corrida_Poo.csproj", "{04DE9F8C-B2EF-4C2C-9BD8-D67BDCE6767F}"
EndProject
Global
	GlobalSection(SolutionConfigurationPlatforms) = preSolution
		Debug|Any CPU = Debug|Any CPU
		Release|Any CPU = Release|Any CPU
	EndGlobalSection
	GlobalSection(ProjectConfigurationPlatforms) = postSolution
		{04DE9F8C-B2EF-4C2C-9BD8-D67BDCE6767F}.Debug|Any CPU.ActiveCfg = Debug|Any CPU
		{04DE9F8C-B2EF-4C2C-9BD8-D67BDCE6767F}.Debug|Any CPU.Build.0 = Debug|Any CPU
		{04DE9F8C-B2EF-4C2C-9BD8-D67BDCE6767F}.Release|Any CPU.ActiveCfg = Release|Any CPU
		{04DE9F8C-B2EF-4C2C-9BD8-D67BDCE6767F}.Release|Any CPU.Build.0 = Release|Any CPU
	EndGlobalSection
	GlobalSection(SolutionProperties) = preSolution
		HideSolutionNode = FALSE
	EndGlobalSection
	GlobalSection(ExtensibilityGlobals) = postSolution
		SolutionGuid = {80109CA1-9795-49A4-AFD4-3444689A7008}
	EndGlobalSection
EndGlobal
